Microsoft Visual Studio Solution File, Format Version 12.00
# Visual Studio Version 17
VisualStudioVersion = 17.5.2.0
MinimumVisualStudioVersion = 10.0.40219.1
Project("{FAE04EC0-301F-11D3-BF4B-00C04F79EFBC}") = "PeladaControladaAPI", "PeladaControladaAPI.csproj", "{1A12D322-3368-AD11-59B0-E9ADA184BDAC}"
EndProject
Global
	GlobalSection(SolutionConfigurationPlatforms) = preSolution
		Debug|Any CPU = Debug|Any CPU
		Release|Any CPU = Release|Any CPU
	EndGlobalSection
	GlobalSection(ProjectConfigurationPlatforms) = postSolution
		{1A12D322-3368-AD11-59B0-E9ADA184BDAC}.Debug|Any CPU.ActiveCfg = Debug|Any CPU
		{1A12D322-3368-AD11-59B0-E9ADA184BDAC}.Debug|Any CPU.Build.0 = Debug|Any CPU
		{1A12D322-3368-AD11-59B0-E9ADA184BDAC}.Release|Any CPU.ActiveCfg = Release|Any CPU
		{1A12D322-3368-AD11-59B0-E9ADA184BDAC}.Release|Any CPU.Build.0 = Release|Any CPU
	EndGlobalSection
	GlobalSection(SolutionProperties) = preSolution
		HideSolutionNode = FALSE
	EndGlobalSection
	GlobalSection(ExtensibilityGlobals) = postSolution
		SolutionGuid = {0AD01F03-1FA9-4E14-BDB7-C1780F12019F}
	EndGlobalSection
EndGlobal
